// !$*UTF8*$!
{
	archiveVersion = 1;
	classes = {
	};
	objectVersion = 55;
	objects = {

/* Begin PBXBuildFile section */
		37010CFE278BE511005F9E09 /* AppDelegate.swift in Sources */ = {isa = PBXBuildFile; fileRef = 37010CFD278BE511005F9E09 /* AppDelegate.swift */; };
		37010D00278BE511005F9E09 /* SceneDelegate.swift in Sources */ = {isa = PBXBuildFile; fileRef = 37010CFF278BE511005F9E09 /* SceneDelegate.swift */; };
		37010D02278BE511005F9E09 /* MainTabBarViewController.swift in Sources */ = {isa = PBXBuildFile; fileRef = 37010D01278BE511005F9E09 /* MainTabBarViewController.swift */; };
		37010D07278BE513005F9E09 /* Assets.xcassets in Resources */ = {isa = PBXBuildFile; fileRef = 37010D06278BE513005F9E09 /* Assets.xcassets */; };
		37010D0A278BE513005F9E09 /* LaunchScreen.storyboard in Resources */ = {isa = PBXBuildFile; fileRef = 37010D08278BE513005F9E09 /* LaunchScreen.storyboard */; };
		37010D13278BEBAC005F9E09 /* HomeViewController.swift in Sources */ = {isa = PBXBuildFile; fileRef = 37010D12278BEBAC005F9E09 /* HomeViewController.swift */; };
		37010D15278BEBEF005F9E09 /* UpcomingViewController.swift in Sources */ = {isa = PBXBuildFile; fileRef = 37010D14278BEBEF005F9E09 /* UpcomingViewController.swift */; };
		37010D17278BEC1D005F9E09 /* SearchViewController.swift in Sources */ = {isa = PBXBuildFile; fileRef = 37010D16278BEC1D005F9E09 /* SearchViewController.swift */; };
		37010D19278BEC39005F9E09 /* DownloadsViewController.swift in Sources */ = {isa = PBXBuildFile; fileRef = 37010D18278BEC39005F9E09 /* DownloadsViewController.swift */; };
		37010D1E278C0538005F9E09 /* CollectionViewTableViewCell.swift in Sources */ = {isa = PBXBuildFile; fileRef = 37010D1D278C0538005F9E09 /* CollectionViewTableViewCell.swift */; };
		37010D20278C1DD6005F9E09 /* HeaderUIView.swift in Sources */ = {isa = PBXBuildFile; fileRef = 37010D1F278C1DD6005F9E09 /* HeaderUIView.swift */; };
		37010D23278C69E8005F9E09 /* APICaller.swift in Sources */ = {isa = PBXBuildFile; fileRef = 37010D22278C69E8005F9E09 /* APICaller.swift */; };
		37010D25278C7087005F9E09 /* Movie.swift in Sources */ = {isa = PBXBuildFile; fileRef = 37010D24278C7087005F9E09 /* Movie.swift */; };
		37010D28278C7B39005F9E09 /* Extension.swift in Sources */ = {isa = PBXBuildFile; fileRef = 37010D27278C7B39005F9E09 /* Extension.swift */; };
		37010D32278C82C1005F9E09 /* TitleCollectionViewCell.swift in Sources */ = {isa = PBXBuildFile; fileRef = 37010D31278C82C1005F9E09 /* TitleCollectionViewCell.swift */; };
		37010D35278C8404005F9E09 /* SDWebImage in Frameworks */ = {isa = PBXBuildFile; productRef = 37010D34278C8404005F9E09 /* SDWebImage */; };
		37010D37278C8404005F9E09 /* SDWebImageMapKit in Frameworks */ = {isa = PBXBuildFile; productRef = 37010D36278C8404005F9E09 /* SDWebImageMapKit */; };
		37010D39278D427B005F9E09 /* UpcomingTitleTableViewCell.swift in Sources */ = {isa = PBXBuildFile; fileRef = 37010D38278D427B005F9E09 /* UpcomingTitleTableViewCell.swift */; };
		37010D3B278D469A005F9E09 /* TitleViewModel.swift in Sources */ = {isa = PBXBuildFile; fileRef = 37010D3A278D469A005F9E09 /* TitleViewModel.swift */; };
		37010D3E278D56E4005F9E09 /* SearchResultsViewController.swift in Sources */ = {isa = PBXBuildFile; fileRef = 37010D3D278D56E4005F9E09 /* SearchResultsViewController.swift */; };
		37010D40278E90C1005F9E09 /* YoutubeSearchResponse.swift in Sources */ = {isa = PBXBuildFile; fileRef = 37010D3F278E90C1005F9E09 /* YoutubeSearchResponse.swift */; };
		37010D42278E9AE5005F9E09 /* TitlePreviewViewController.swift in Sources */ = {isa = PBXBuildFile; fileRef = 37010D41278E9AE5005F9E09 /* TitlePreviewViewController.swift */; };
/* End PBXBuildFile section */

/* Begin PBXFileReference section */
		37010CFA278BE511005F9E09 /* netflix-clone.app */ = {isa = PBXFileReference; explicitFileType = wrapper.application; includeInIndex = 0; path = "netflix-clone.app"; sourceTree = BUILT_PRODUCTS_DIR; };
		37010CFD278BE511005F9E09 /* AppDelegate.swift */ = {isa = PBXFileReference; lastKnownFileType = sourcecode.swift; path = AppDelegate.swift; sourceTree = "<group>"; };
		37010CFF278BE511005F9E09 /* SceneDelegate.swift */ = {isa = PBXFileReference; lastKnownFileType = sourcecode.swift; path = SceneDelegate.swift; sourceTree = "<group>"; };
		37010D01278BE511005F9E09 /* MainTabBarViewController.swift */ = {isa = PBXFileReference; lastKnownFileType = sourcecode.swift; path = MainTabBarViewController.swift; sourceTree = "<group>"; };
		37010D06278BE513005F9E09 /* Assets.xcassets */ = {isa = PBXFileReference; lastKnownFileType = folder.assetcatalog; path = Assets.xcassets; sourceTree = "<group>"; };
		37010D09278BE513005F9E09 /* Base */ = {isa = PBXFileReference; lastKnownFileType = file.storyboard; name = Base; path = Base.lproj/LaunchScreen.storyboard; sourceTree = "<group>"; };
		37010D0B278BE513005F9E09 /* Info.plist */ = {isa = PBXFileReference; lastKnownFileType = text.plist.xml; path = Info.plist; sourceTree = "<group>"; };
		37010D12278BEBAC005F9E09 /* HomeViewController.swift */ = {isa = PBXFileReference; lastKnownFileType = sourcecode.swift; path = HomeViewController.swift; sourceTree = "<group>"; };
		37010D14278BEBEF005F9E09 /* UpcomingViewController.swift */ = {isa = PBXFileReference; lastKnownFileType = sourcecode.swift; path = UpcomingViewController.swift; sourceTree = "<group>"; };
		37010D16278BEC1D005F9E09 /* SearchViewController.swift */ = {isa = PBXFileReference; lastKnownFileType = sourcecode.swift; path = SearchViewController.swift; sourceTree = "<group>"; };
		37010D18278BEC39005F9E09 /* DownloadsViewController.swift */ = {isa = PBXFileReference; lastKnownFileType = sourcecode.swift; path = DownloadsViewController.swift; sourceTree = "<group>"; };
		37010D1D278C0538005F9E09 /* CollectionViewTableViewCell.swift */ = {isa = PBXFileReference; lastKnownFileType = sourcecode.swift; path = CollectionViewTableViewCell.swift; sourceTree = "<group>"; };
		37010D1F278C1DD6005F9E09 /* HeaderUIView.swift */ = {isa = PBXFileReference; lastKnownFileType = sourcecode.swift; path = HeaderUIView.swift; sourceTree = "<group>"; };
		37010D22278C69E8005F9E09 /* APICaller.swift */ = {isa = PBXFileReference; lastKnownFileType = sourcecode.swift; path = APICaller.swift; sourceTree = "<group>"; };
		37010D24278C7087005F9E09 /* Movie.swift */ = {isa = PBXFileReference; lastKnownFileType = sourcecode.swift; path = Movie.swift; sourceTree = "<group>"; };
		37010D27278C7B39005F9E09 /* Extension.swift */ = {isa = PBXFileReference; lastKnownFileType = sourcecode.swift; path = Extension.swift; sourceTree = "<group>"; };
		37010D31278C82C1005F9E09 /* TitleCollectionViewCell.swift */ = {isa = PBXFileReference; lastKnownFileType = sourcecode.swift; path = TitleCollectionViewCell.swift; sourceTree = "<group>"; };
		37010D38278D427B005F9E09 /* UpcomingTitleTableViewCell.swift */ = {isa = PBXFileReference; lastKnownFileType = sourcecode.swift; path = UpcomingTitleTableViewCell.swift; sourceTree = "<group>"; };
		37010D3A278D469A005F9E09 /* TitleViewModel.swift */ = {isa = PBXFileReference; lastKnownFileType = sourcecode.swift; path = TitleViewModel.swift; sourceTree = "<group>"; };
		37010D3D278D56E4005F9E09 /* SearchResultsViewController.swift */ = {isa = PBXFileReference; lastKnownFileType = sourcecode.swift; path = SearchResultsViewController.swift; sourceTree = "<group>"; };
		37010D3F278E90C1005F9E09 /* YoutubeSearchResponse.swift */ = {isa = PBXFileReference; lastKnownFileType = sourcecode.swift; path = YoutubeSearchResponse.swift; sourceTree = "<group>"; };
		37010D41278E9AE5005F9E09 /* TitlePreviewViewController.swift */ = {isa = PBXFileReference; lastKnownFileType = sourcecode.swift; path = TitlePreviewViewController.swift; sourceTree = "<group>"; };
/* End PBXFileReference section */

/* Begin PBXFrameworksBuildPhase section */
		37010CF7278BE511005F9E09 /* Frameworks */ = {
			isa = PBXFrameworksBuildPhase;
			buildActionMask = 2147483647;
			files = (
				37010D37278C8404005F9E09 /* SDWebImageMapKit in Frameworks */,
				37010D35278C8404005F9E09 /* SDWebImage in Frameworks */,
			);
			runOnlyForDeploymentPostprocessing = 0;
		};
/* End PBXFrameworksBuildPhase section */

/* Begin PBXGroup section */
		37010CF1278BE511005F9E09 = {
			isa = PBXGroup;
			children = (
				37010CFC278BE511005F9E09 /* netflix-clone */,
				37010CFB278BE511005F9E09 /* Products */,
			);
			sourceTree = "<group>";
		};
		37010CFB278BE511005F9E09 /* Products */ = {
			isa = PBXGroup;
			children = (
				37010CFA278BE511005F9E09 /* netflix-clone.app */,
			);
			name = Products;
			sourceTree = "<group>";
		};
		37010CFC278BE511005F9E09 /* netflix-clone */ = {
			isa = PBXGroup;
			children = (
				37010D26278C7B2A005F9E09 /* Resources */,
				37010D21278C69CC005F9E09 /* Manager */,
				37010D1A278C04D5005F9E09 /* Model */,
				37010D1B278C04DC005F9E09 /* View */,
				37010D1C278C04E1005F9E09 /* ViewModel */,
				37010D11278BEB8B005F9E09 /* Controllers */,
				37010CFD278BE511005F9E09 /* AppDelegate.swift */,
				37010CFF278BE511005F9E09 /* SceneDelegate.swift */,
				37010D06278BE513005F9E09 /* Assets.xcassets */,
				37010D08278BE513005F9E09 /* LaunchScreen.storyboard */,
				37010D0B278BE513005F9E09 /* Info.plist */,
			);
			path = "netflix-clone";
			sourceTree = "<group>";
		};
		37010D11278BEB8B005F9E09 /* Controllers */ = {
			isa = PBXGroup;
			children = (
				37010D3D278D56E4005F9E09 /* SearchResultsViewController.swift */,
				37010D41278E9AE5005F9E09 /* TitlePreviewViewController.swift */,
				37010D3C278D56B0005F9E09 /* Main */,
			);
			path = Controllers;
			sourceTree = "<group>";
		};
		37010D1A278C04D5005F9E09 /* Model */ = {
			isa = PBXGroup;
			children = (
				37010D24278C7087005F9E09 /* Movie.swift */,
				37010D3F278E90C1005F9E09 /* YoutubeSearchResponse.swift */,
			);
			path = Model;
			sourceTree = "<group>";
		};
		37010D1B278C04DC005F9E09 /* View */ = {
			isa = PBXGroup;
			children = (
				37010D1D278C0538005F9E09 /* CollectionViewTableViewCell.swift */,
				37010D1F278C1DD6005F9E09 /* HeaderUIView.swift */,
				37010D31278C82C1005F9E09 /* TitleCollectionViewCell.swift */,
				37010D38278D427B005F9E09 /* UpcomingTitleTableViewCell.swift */,
			);
			path = View;
			sourceTree = "<group>";
		};
		37010D1C278C04E1005F9E09 /* ViewModel */ = {
			isa = PBXGroup;
			children = (
				37010D3A278D469A005F9E09 /* TitleViewModel.swift */,
			);
			path = ViewModel;
			sourceTree = "<group>";
		};
		37010D21278C69CC005F9E09 /* Manager */ = {
			isa = PBXGroup;
			children = (
				37010D22278C69E8005F9E09 /* APICaller.swift */,
			);
			path = Manager;
			sourceTree = "<group>";
		};
		37010D26278C7B2A005F9E09 /* Resources */ = {
			isa = PBXGroup;
			children = (
				37010D27278C7B39005F9E09 /* Extension.swift */,
			);
			path = Resources;
			sourceTree = "<group>";
		};
		37010D3C278D56B0005F9E09 /* Main */ = {
			isa = PBXGroup;
			children = (
				37010D12278BEBAC005F9E09 /* HomeViewController.swift */,
				37010D14278BEBEF005F9E09 /* UpcomingViewController.swift */,
				37010D16278BEC1D005F9E09 /* SearchViewController.swift */,
				37010D18278BEC39005F9E09 /* DownloadsViewController.swift */,
				37010D01278BE511005F9E09 /* MainTabBarViewController.swift */,
			);
			path = Main;
			sourceTree = "<group>";
		};
/* End PBXGroup section */

/* Begin PBXNativeTarget section */
		37010CF9278BE511005F9E09 /* netflix-clone */ = {
			isa = PBXNativeTarget;
			buildConfigurationList = 37010D0E278BE513005F9E09 /* Build configuration list for PBXNativeTarget "netflix-clone" */;
			buildPhases = (
				37010CF6278BE511005F9E09 /* Sources */,
				37010CF7278BE511005F9E09 /* Frameworks */,
				37010CF8278BE511005F9E09 /* Resources */,
			);
			buildRules = (
			);
			dependencies = (
			);
			name = "netflix-clone";
			packageProductDependencies = (
				37010D34278C8404005F9E09 /* SDWebImage */,
				37010D36278C8404005F9E09 /* SDWebImageMapKit */,
			);
			productName = "netflix-clone";
			productReference = 37010CFA278BE511005F9E09 /* netflix-clone.app */;
			productType = "com.apple.product-type.application";
		};
/* End PBXNativeTarget section */

/* Begin PBXProject section */
		37010CF2278BE511005F9E09 /* Project object */ = {
			isa = PBXProject;
			attributes = {
				BuildIndependentTargetsInParallel = 1;
				LastSwiftUpdateCheck = 1320;
				LastUpgradeCheck = 1320;
				TargetAttributes = {
					37010CF9278BE511005F9E09 = {
						CreatedOnToolsVersion = 13.2.1;
					};
				};
			};
			buildConfigurationList = 37010CF5278BE511005F9E09 /* Build configuration list for PBXProject "netflix-clone" */;
			compatibilityVersion = "Xcode 13.0";
			developmentRegion = en;
			hasScannedForEncodings = 0;
			knownRegions = (
				en,
				Base,
			);
			mainGroup = 37010CF1278BE511005F9E09;
			packageReferences = (
				37010D33278C8404005F9E09 /* XCRemoteSwiftPackageReference "SDWebImage" */,
			);
			productRefGroup = 37010CFB278BE511005F9E09 /* Products */;
			projectDirPath = "";
			projectRoot = "";
			targets = (
				37010CF9278BE511005F9E09 /* netflix-clone */,
			);
		};
/* End PBXProject section */

/* Begin PBXResourcesBuildPhase section */
		37010CF8278BE511005F9E09 /* Resources */ = {
			isa = PBXResourcesBuildPhase;
			buildActionMask = 2147483647;
			files = (
				37010D0A278BE513005F9E09 /* LaunchScreen.storyboard in Resources */,
				37010D07278BE513005F9E09 /* Assets.xcassets in Resources */,
			);
			runOnlyForDeploymentPostprocessing = 0;
		};
/* End PBXResourcesBuildPhase section */

/* Begin PBXSourcesBuildPhase section */
		37010CF6278BE511005F9E09 /* Sources */ = {
			isa = PBXSourcesBuildPhase;
			buildActionMask = 2147483647;
			files = (
				37010D17278BEC1D005F9E09 /* SearchViewController.swift in Sources */,
				37010D02278BE511005F9E09 /* MainTabBarViewController.swift in Sources */,
				37010D1E278C0538005F9E09 /* CollectionViewTableViewCell.swift in Sources */,
				37010D32278C82C1005F9E09 /* TitleCollectionViewCell.swift in Sources */,
				37010D28278C7B39005F9E09 /* Extension.swift in Sources */,
				37010D23278C69E8005F9E09 /* APICaller.swift in Sources */,
				37010D39278D427B005F9E09 /* UpcomingTitleTableViewCell.swift in Sources */,
				37010D20278C1DD6005F9E09 /* HeaderUIView.swift in Sources */,
				37010D19278BEC39005F9E09 /* DownloadsViewController.swift in Sources */,
				37010D40278E90C1005F9E09 /* YoutubeSearchResponse.swift in Sources */,
				37010D3E278D56E4005F9E09 /* SearchResultsViewController.swift in Sources */,
				37010CFE278BE511005F9E09 /* AppDelegate.swift in Sources */,
				37010D15278BEBEF005F9E09 /* UpcomingViewController.swift in Sources */,
				37010D00278BE511005F9E09 /* SceneDelegate.swift in Sources */,
				37010D42278E9AE5005F9E09 /* TitlePreviewViewController.swift in Sources */,
				37010D25278C7087005F9E09 /* Movie.swift in Sources */,
				37010D13278BEBAC005F9E09 /* HomeViewController.swift in Sources */,
				37010D3B278D469A005F9E09 /* TitleViewModel.swift in Sources */,
			);
			runOnlyForDeploymentPostprocessing = 0;
		};
/* End PBXSourcesBuildPhase section */

/* Begin PBXVariantGroup section */
		37010D08278BE513005F9E09 /* LaunchScreen.storyboard */ = {
			isa = PBXVariantGroup;
			children = (
				37010D09278BE513005F9E09 /* Base */,
			);
			name = LaunchScreen.storyboard;
			sourceTree = "<group>";
		};
/* End PBXVariantGroup section */

/* Begin XCBuildConfiguration section */
		37010D0C278BE513005F9E09 /* Debug */ = {
			isa = XCBuildConfiguration;
			buildSettings = {
				ALWAYS_SEARCH_USER_PATHS = NO;
				CLANG_ANALYZER_NONNULL = YES;
				CLANG_ANALYZER_NUMBER_OBJECT_CONVERSION = YES_AGGRESSIVE;
				CLANG_CXX_LANGUAGE_STANDARD = "gnu++17";
				CLANG_CXX_LIBRARY = "libc++";
				CLANG_ENABLE_MODULES = YES;
				CLANG_ENABLE_OBJC_ARC = YES;
				CLANG_ENABLE_OBJC_WEAK = YES;
				CLANG_WARN_BLOCK_CAPTURE_AUTORELEASING = YES;
				CLANG_WARN_BOOL_CONVERSION = YES;
				CLANG_WARN_COMMA = YES;
				CLANG_WARN_CONSTANT_CONVERSION = YES;
				CLANG_WARN_DEPRECATED_OBJC_IMPLEMENTATIONS = YES;
				CLANG_WARN_DIRECT_OBJC_ISA_USAGE = YES_ERROR;
				CLANG_WARN_DOCUMENTATION_COMMENTS = YES;
				CLANG_WARN_EMPTY_BODY = YES;
				CLANG_WARN_ENUM_CONVERSION = YES;
				CLANG_WARN_INFINITE_RECURSION = YES;
				CLANG_WARN_INT_CONVERSION = YES;
				CLANG_WARN_NON_LITERAL_NULL_CONVERSION = YES;
				CLANG_WARN_OBJC_IMPLICIT_RETAIN_SELF = YES;
				CLANG_WARN_OBJC_LITERAL_CONVERSION = YES;
				CLANG_WARN_OBJC_ROOT_CLASS = YES_ERROR;
				CLANG_WARN_QUOTED_INCLUDE_IN_FRAMEWORK_HEADER = YES;
				CLANG_WARN_RANGE_LOOP_ANALYSIS = YES;
				CLANG_WARN_STRICT_PROTOTYPES = YES;
				CLANG_WARN_SUSPICIOUS_MOVE = YES;
				CLANG_WARN_UNGUARDED_AVAILABILITY = YES_AGGRESSIVE;
				CLANG_WARN_UNREACHABLE_CODE = YES;
				CLANG_WARN__DUPLICATE_METHOD_MATCH = YES;
				COPY_PHASE_STRIP = NO;
				DEBUG_INFORMATION_FORMAT = dwarf;
				ENABLE_STRICT_OBJC_MSGSEND = YES;
				ENABLE_TESTABILITY = YES;
				GCC_C_LANGUAGE_STANDARD = gnu11;
				GCC_DYNAMIC_NO_PIC = NO;
				GCC_NO_COMMON_BLOCKS = YES;
				GCC_OPTIMIZATION_LEVEL = 0;
				GCC_PREPROCESSOR_DEFINITIONS = (
					"DEBUG=1",
					"$(inherited)",
				);
				GCC_WARN_64_TO_32_BIT_CONVERSION = YES;
				GCC_WARN_ABOUT_RETURN_TYPE = YES_ERROR;
				GCC_WARN_UNDECLARED_SELECTOR = YES;
				GCC_WARN_UNINITIALIZED_AUTOS = YES_AGGRESSIVE;
				GCC_WARN_UNUSED_FUNCTION = YES;
				GCC_WARN_UNUSED_VARIABLE = YES;
				IPHONEOS_DEPLOYMENT_TARGET = 15.2;
				MTL_ENABLE_DEBUG_INFO = INCLUDE_SOURCE;
				MTL_FAST_MATH = YES;
				ONLY_ACTIVE_ARCH = YES;
				SDKROOT = iphoneos;
				SWIFT_ACTIVE_COMPILATION_CONDITIONS = DEBUG;
				SWIFT_OPTIMIZATION_LEVEL = "-Onone";
			};
			name = Debug;
		};
		37010D0D278BE513005F9E09 /* Release */ = {
			isa = XCBuildConfiguration;
			buildSettings = {
				ALWAYS_SEARCH_USER_PATHS = NO;
				CLANG_ANALYZER_NONNULL = YES;
				CLANG_ANALYZER_NUMBER_OBJECT_CONVERSION = YES_AGGRESSIVE;
				CLANG_CXX_LANGUAGE_STANDARD = "gnu++17";
				CLANG_CXX_LIBRARY = "libc++";
				CLANG_ENABLE_MODULES = YES;
				CLANG_ENABLE_OBJC_ARC = YES;
				CLANG_ENABLE_OBJC_WEAK = YES;
				CLANG_WARN_BLOCK_CAPTURE_AUTORELEASING = YES;
				CLANG_WARN_BOOL_CONVERSION = YES;
				CLANG_WARN_COMMA = YES;
				CLANG_WARN_CONSTANT_CONVERSION = YES;
				CLANG_WARN_DEPRECATED_OBJC_IMPLEMENTATIONS = YES;
				CLANG_WARN_DIRECT_OBJC_ISA_USAGE = YES_ERROR;
				CLANG_WARN_DOCUMENTATION_COMMENTS = YES;
				CLANG_WARN_EMPTY_BODY = YES;
				CLANG_WARN_ENUM_CONVERSION = YES;
				CLANG_WARN_INFINITE_RECURSION = YES;
				CLANG_WARN_INT_CONVERSION = YES;
				CLANG_WARN_NON_LITERAL_NULL_CONVERSION = YES;
				CLANG_WARN_OBJC_IMPLICIT_RETAIN_SELF = YES;
				CLANG_WARN_OBJC_LITERAL_CONVERSION = YES;
				CLANG_WARN_OBJC_ROOT_CLASS = YES_ERROR;
				CLANG_WARN_QUOTED_INCLUDE_IN_FRAMEWORK_HEADER = YES;
				CLANG_WARN_RANGE_LOOP_ANALYSIS = YES;
				CLANG_WARN_STRICT_PROTOTYPES = YES;
				CLANG_WARN_SUSPICIOUS_MOVE = YES;
				CLANG_WARN_UNGUARDED_AVAILABILITY = YES_AGGRESSIVE;
				CLANG_WARN_UNREACHABLE_CODE = YES;
				CLANG_WARN__DUPLICATE_METHOD_MATCH = YES;
				COPY_PHASE_STRIP = NO;
				DEBUG_INFORMATION_FORMAT = "dwarf-with-dsym";
				ENABLE_NS_ASSERTIONS = NO;
				ENABLE_STRICT_OBJC_MSGSEND = YES;
				GCC_C_LANGUAGE_STANDARD = gnu11;
				GCC_NO_COMMON_BLOCKS = YES;
				GCC_WARN_64_TO_32_BIT_CONVERSION = YES;
				GCC_WARN_ABOUT_RETURN_TYPE = YES_ERROR;
				GCC_WARN_UNDECLARED_SELECTOR = YES;
				GCC_WARN_UNINITIALIZED_AUTOS = YES_AGGRESSIVE;
				GCC_WARN_UNUSED_FUNCTION = YES;
				GCC_WARN_UNUSED_VARIABLE = YES;
				IPHONEOS_DEPLOYMENT_TARGET = 15.2;
				MTL_ENABLE_DEBUG_INFO = NO;
				MTL_FAST_MATH = YES;
				SDKROOT = iphoneos;
				SWIFT_COMPILATION_MODE = wholemodule;
				SWIFT_OPTIMIZATION_LEVEL = "-O";
				VALIDATE_PRODUCT = YES;
			};
			name = Release;
		};
		37010D0F278BE513005F9E09 /* Debug */ = {
			isa = XCBuildConfiguration;
			buildSettings = {
				ASSETCATALOG_COMPILER_APPICON_NAME = AppIcon;
				ASSETCATALOG_COMPILER_GLOBAL_ACCENT_COLOR_NAME = AccentColor;
				CODE_SIGN_STYLE = Automatic;
				CURRENT_PROJECT_VERSION = 1;
				DEVELOPMENT_TEAM = TYF3JXGVJQ;
				GENERATE_INFOPLIST_FILE = YES;
				INFOPLIST_FILE = "netflix-clone/Info.plist";
				INFOPLIST_KEY_UIApplicationSupportsIndirectInputEvents = YES;
				INFOPLIST_KEY_UILaunchStoryboardName = LaunchScreen;
				INFOPLIST_KEY_UISupportedInterfaceOrientations_iPad = "UIInterfaceOrientationPortrait UIInterfaceOrientationPortraitUpsideDown UIInterfaceOrientationLandscapeLeft UIInterfaceOrientationLandscapeRight";
				INFOPLIST_KEY_UISupportedInterfaceOrientations_iPhone = "UIInterfaceOrientationPortrait UIInterfaceOrientationLandscapeLeft UIInterfaceOrientationLandscapeRight";
				LD_RUNPATH_SEARCH_PATHS = (
					"$(inherited)",
					"@executable_path/Frameworks",
				);
				MARKETING_VERSION = 1.0;
				PRODUCT_BUNDLE_IDENTIFIER = com.sarathpariyarath.netflix;
				PRODUCT_NAME = "$(TARGET_NAME)";
				SWIFT_EMIT_LOC_STRINGS = YES;
				SWIFT_VERSION = 5.0;
				TARGETED_DEVICE_FAMILY = "1,2";
			};
			name = Debug;
		};
		37010D10278BE513005F9E09 /* Release */ = {
			isa = XCBuildConfiguration;
			buildSettings = {
				ASSETCATALOG_COMPILER_APPICON_NAME = AppIcon;
				ASSETCATALOG_COMPILER_GLOBAL_ACCENT_COLOR_NAME = AccentColor;
				CODE_SIGN_STYLE = Automatic;
				CURRENT_PROJECT_VERSION = 1;
				DEVELOPMENT_TEAM = TYF3JXGVJQ;
				GENERATE_INFOPLIST_FILE = YES;
				INFOPLIST_FILE = "netflix-clone/Info.plist";
				INFOPLIST_KEY_UIApplicationSupportsIndirectInputEvents = YES;
				INFOPLIST_KEY_UILaunchStoryboardName = LaunchScreen;
				INFOPLIST_KEY_UISupportedInterfaceOrientations_iPad = "UIInterfaceOrientationPortrait UIInterfaceOrientationPortraitUpsideDown UIInterfaceOrientationLandscapeLeft UIInterfaceOrientationLandscapeRight";
				INFOPLIST_KEY_UISupportedInterfaceOrientations_iPhone = "UIInterfaceOrientationPortrait UIInterfaceOrientationLandscapeLeft UIInterfaceOrientationLandscapeRight";
				LD_RUNPATH_SEARCH_PATHS = (
					"$(inherited)",
					"@executable_path/Frameworks",
				);
				MARKETING_VERSION = 1.0;
				PRODUCT_BUNDLE_IDENTIFIER = com.sarathpariyarath.netflix;
				PRODUCT_NAME = "$(TARGET_NAME)";
				SWIFT_EMIT_LOC_STRINGS = YES;
				SWIFT_VERSION = 5.0;
				TARGETED_DEVICE_FAMILY = "1,2";
			};
			name = Release;
		};
/* End XCBuildConfiguration section */

/* Begin XCConfigurationList section */
		37010CF5278BE511005F9E09 /* Build configuration list for PBXProject "netflix-clone" */ = {
			isa = XCConfigurationList;
			buildConfigurations = (
				37010D0C278BE513005F9E09 /* Debug */,
				37010D0D278BE513005F9E09 /* Release */,
			);
			defaultConfigurationIsVisible = 0;
			defaultConfigurationName = Release;
		};
		37010D0E278BE513005F9E09 /* Build configuration list for PBXNativeTarget "netflix-clone" */ = {
			isa = XCConfigurationList;
			buildConfigurations = (
				37010D0F278BE513005F9E09 /* Debug */,
				37010D10278BE513005F9E09 /* Release */,
			);
			defaultConfigurationIsVisible = 0;
			defaultConfigurationName = Release;
		};
/* End XCConfigurationList section */

/* Begin XCRemoteSwiftPackageReference section */
		37010D33278C8404005F9E09 /* XCRemoteSwiftPackageReference "SDWebImage" */ = {
			isa = XCRemoteSwiftPackageReference;
			repositoryURL = "https://github.com/SDWebImage/SDWebImage.git";
			requirement = {
				kind = upToNextMajorVersion;
				minimumVersion = 5.0.0;
			};
		};
/* End XCRemoteSwiftPackageReference section */

/* Begin XCSwiftPackageProductDependency section */
		37010D34278C8404005F9E09 /* SDWebImage */ = {
			isa = XCSwiftPackageProductDependency;
			package = 37010D33278C8404005F9E09 /* XCRemoteSwiftPackageReference "SDWebImage" */;
			productName = SDWebImage;
		};
		37010D36278C8404005F9E09 /* SDWebImageMapKit */ = {
			isa = XCSwiftPackageProductDependency;
			package = 37010D33278C8404005F9E09 /* XCRemoteSwiftPackageReference "SDWebImage" */;
			productName = SDWebImageMapKit;
		};
/* End XCSwiftPackageProductDependency section */
	};
	rootObject = 37010CF2278BE511005F9E09 /* Project object */;
}
